
Microsoft Visual Studio Solution File, Format Version 12.00
# Visual Studio Version 17
VisualStudioVersion = 17.5.002.0
MinimumVisualStudioVersion = 10.0.40219.1
Project("{9A19103F-16F7-4668-BE54-9A1E7A4F7556}") = "Minerals.AutoCQRS", "Minerals.AutoCQRS\Minerals.AutoCQRS.csproj", "{C6730D96-222F-44F0-A387-D958D805490D}"
EndProject
Project("{9A19103F-16F7-4668-BE54-9A1E7A4F7556}") = "Minerals.AutoCQRS.Benchmarks", "Minerals.AutoCQRS.Benchmarks\Minerals.AutoCQRS.Benchmarks.csproj", "{A961B03E-8B49-4B59-8122-F9070FA77662}"
EndProject
Project("{9A19103F-16F7-4668-BE54-9A1E7A4F7556}") = "Minerals.AutoCQRS.Generators", "Minerals.AutoCQRS.Generators\Minerals.AutoCQRS.Generators.csproj", "{8B57FDD8-3F23-46B7-A3F4-51ACC619B0AE}"
EndProject
Project("{9A19103F-16F7-4668-BE54-9A1E7A4F7556}") = "Minerals.AutoCQRS.Tests", "Minerals.AutoCQRS.Tests\Minerals.AutoCQRS.Tests.csproj", "{231DAEC1-DE15-4FC4-933F-7DD182744385}"
EndProject
Global
	GlobalSection(SolutionConfigurationPlatforms) = preSolution
		Debug|Any CPU = Debug|Any CPU
		Release|Any CPU = Release|Any CPU
	EndGlobalSection
	GlobalSection(ProjectConfigurationPlatforms) = postSolution
		{C6730D96-222F-44F0-A387-D958D805490D}.Debug|Any CPU.ActiveCfg = Debug|Any CPU
		{C6730D96-222F-44F0-A387-D958D805490D}.Debug|Any CPU.Build.0 = Debug|Any CPU
		{C6730D96-222F-44F0-A387-D958D805490D}.Release|Any CPU.ActiveCfg = Release|Any CPU
		{C6730D96-222F-44F0-A387-D958D805490D}.Release|Any CPU.Build.0 = Release|Any CPU
		{A961B03E-8B49-4B59-8122-F9070FA77662}.Debug|Any CPU.ActiveCfg = Debug|Any CPU
		{A961B03E-8B49-4B59-8122-F9070FA77662}.Debug|Any CPU.Build.0 = Debug|Any CPU
		{A961B03E-8B49-4B59-8122-F9070FA77662}.Release|Any CPU.ActiveCfg = Release|Any CPU
		{A961B03E-8B49-4B59-8122-F9070FA77662}.Release|Any CPU.Build.0 = Release|Any CPU
		{8B57FDD8-3F23-46B7-A3F4-51ACC619B0AE}.Debug|Any CPU.ActiveCfg = Debug|Any CPU
		{8B57FDD8-3F23-46B7-A3F4-51ACC619B0AE}.Debug|Any CPU.Build.0 = Debug|Any CPU
		{8B57FDD8-3F23-46B7-A3F4-51ACC619B0AE}.Release|Any CPU.ActiveCfg = Release|Any CPU
		{8B57FDD8-3F23-46B7-A3F4-51ACC619B0AE}.Release|Any CPU.Build.0 = Release|Any CPU
		{231DAEC1-DE15-4FC4-933F-7DD182744385}.Debug|Any CPU.ActiveCfg = Debug|Any CPU
		{231DAEC1-DE15-4FC4-933F-7DD182744385}.Debug|Any CPU.Build.0 = Debug|Any CPU
		{231DAEC1-DE15-4FC4-933F-7DD182744385}.Release|Any CPU.ActiveCfg = Release|Any CPU
		{231DAEC1-DE15-4FC4-933F-7DD182744385}.Release|Any CPU.Build.0 = Release|Any CPU
	EndGlobalSection
	GlobalSection(SolutionProperties) = preSolution
		HideSolutionNode = FALSE
	EndGlobalSection
	GlobalSection(ExtensibilityGlobals) = postSolution
		SolutionGuid = {55D0C6D3-E4B8-4BE2-85C9-F17A760D036C}
	EndGlobalSection
EndGlobal
